PODS:
  - Realm (3.14.1):
    - Realm/Headers (= 3.14.1)
  - Realm/Headers (3.14.1)
  - RealmSwift (3.14.1):
    - Realm (= 3.14.1)
  - SideMenu (5.0.1)
  - SnapKit (4.2.0)

DEPENDENCIES:
  - RealmSwift
  - SideMenu
  - SnapKit

SPEC REPOS:
  https://github.com/cocoapods/specs.git:
    - Realm
    - RealmSwift
    - SideMenu
    - SnapKit

SPEC CHECKSUMS:
  Realm: e12c9c2387d05c5bba3a9c394838f5870e85763b
  RealmSwift: a82eab9b04c3e1616082c7e17aa300740847769c
  SideMenu: 87efd943737bb83aedf0358884d09fcf5576636d
  SnapKit: fe8a619752f3f27075cc9a90244d75c6c3f27e2a

PODFILE CHECKSUM: 56b62945de48e6aaf7841205a76c5f0b89111303

COCOAPODS: 1.5.3
