// !$*UTF8*$!
{
	archiveVersion = 1;
	classes = {
	};
	objectVersion = 46;
	objects = {

/* Begin PBXBuildFile section */
		2F25F90422130BC600EA0DFB /* BoardsTableViewController.swift in Sources */ = {isa = PBXBuildFile; fileRef = 2F25F90322130BC600EA0DFB /* BoardsTableViewController.swift */; };
		2F25F90822130F7200EA0DFB /* BoardsTableViewCell.swift in Sources */ = {isa = PBXBuildFile; fileRef = 2F25F90622130F7200EA0DFB /* BoardsTableViewCell.swift */; };
		2F25F90922130F7200EA0DFB /* BoardsTableViewCell.xib in Resources */ = {isa = PBXBuildFile; fileRef = 2F25F90722130F7200EA0DFB /* BoardsTableViewCell.xib */; };
		2F5F105621F0C6EA001E7992 /* Standard.swift in Sources */ = {isa = PBXBuildFile; fileRef = 2F5F105521F0C6EA001E7992 /* Standard.swift */; };
		2F61930021F394E50094FBFF /* ColorPickerView.swift in Sources */ = {isa = PBXBuildFile; fileRef = 2F6192FF21F394E50094FBFF /* ColorPickerView.swift */; };
		2F61930221F397E90094FBFF /* ColorPickerMasterView.swift in Sources */ = {isa = PBXBuildFile; fileRef = 2F61930121F397E90094FBFF /* ColorPickerMasterView.swift */; };
		2F61930421F3A2FF0094FBFF /* Main.storyboard in Resources */ = {isa = PBXBuildFile; fileRef = 2F61930321F3A2FF0094FBFF /* Main.storyboard */; };
		2FA15FEA21F0C4810044130D /* Model.swift in Sources */ = {isa = PBXBuildFile; fileRef = 2FA15FE921F0C4810044130D /* Model.swift */; };
		2FA15FEC21F0C48B0044130D /* Extensions.swift in Sources */ = {isa = PBXBuildFile; fileRef = 2FA15FEB21F0C48B0044130D /* Extensions.swift */; };
		2FBA2A422259DC8A008CB61E /* KanbanViewDelegate.swift in Sources */ = {isa = PBXBuildFile; fileRef = 2FBA2A412259DC8A008CB61E /* KanbanViewDelegate.swift */; };
		2FC1EDDA1EC8A304009C9B11 /* AppDelegate.swift in Sources */ = {isa = PBXBuildFile; fileRef = 2FC1EDD91EC8A304009C9B11 /* AppDelegate.swift */; };
		2FC1EDDC1EC8A304009C9B11 /* MainViewController.swift in Sources */ = {isa = PBXBuildFile; fileRef = 2FC1EDDB1EC8A304009C9B11 /* MainViewController.swift */; };
		2FC1EDE11EC8A304009C9B11 /* Assets.xcassets in Resources */ = {isa = PBXBuildFile; fileRef = 2FC1EDE01EC8A304009C9B11 /* Assets.xcassets */; };
		2FC1EDE41EC8A304009C9B11 /* LaunchScreen.storyboard in Resources */ = {isa = PBXBuildFile; fileRef = 2FC1EDE21EC8A304009C9B11 /* LaunchScreen.storyboard */; };
		2FCC27F61FC1B846004108E3 /* KanbanCollectionViewLayout.swift in Sources */ = {isa = PBXBuildFile; fileRef = 2FCC27F51FC1B846004108E3 /* KanbanCollectionViewLayout.swift */; };
		2FE092091ECD5C42001DD542 /* KanbanView.swift in Sources */ = {isa = PBXBuildFile; fileRef = 2FE092081ECD5C42001DD542 /* KanbanView.swift */; };
		2FE092141ECD727A001DD542 /* NotesCollectionViewCell.swift in Sources */ = {isa = PBXBuildFile; fileRef = 2FE092121ECD727A001DD542 /* NotesCollectionViewCell.swift */; };
		2FE092151ECD727A001DD542 /* NotesCollectionViewCell.xib in Resources */ = {isa = PBXBuildFile; fileRef = 2FE092131ECD727A001DD542 /* NotesCollectionViewCell.xib */; };
		2FE0CA561ED2C5740011382D /* NewNoteViewController.swift in Sources */ = {isa = PBXBuildFile; fileRef = 2FE0CA551ED2C5740011382D /* NewNoteViewController.swift */; };
		6F1D34DA128214DEA0319DAE /* Pods_KNBN.framework in Frameworks */ = {isa = PBXBuildFile; fileRef = 654CEEA7B112E927A432E07D /* Pods_KNBN.framework */; };
/* End PBXBuildFile section */

/* Begin PBXFileReference section */
		10B11045E35D95B76A29A83E /* Pods-KNBN.debug.xcconfig */ = {isa = PBXFileReference; includeInIndex = 1; lastKnownFileType = text.xcconfig; name = "Pods-KNBN.debug.xcconfig"; path = "Pods/Target Support Files/Pods-KNBN/Pods-KNBN.debug.xcconfig"; sourceTree = "<group>"; };
		2F25F90322130BC600EA0DFB /* BoardsTableViewController.swift */ = {isa = PBXFileReference; lastKnownFileType = sourcecode.swift; path = BoardsTableViewController.swift; sourceTree = "<group>"; };
		2F25F90622130F7200EA0DFB /* BoardsTableViewCell.swift */ = {isa = PBXFileReference; lastKnownFileType = sourcecode.swift; path = BoardsTableViewCell.swift; sourceTree = "<group>"; };
		2F25F90722130F7200EA0DFB /* BoardsTableViewCell.xib */ = {isa = PBXFileReference; lastKnownFileType = file.xib; path = BoardsTableViewCell.xib; sourceTree = "<group>"; };
		2F5F105521F0C6EA001E7992 /* Standard.swift */ = {isa = PBXFileReference; lastKnownFileType = sourcecode.swift; path = Standard.swift; sourceTree = "<group>"; };
		2F6192FF21F394E50094FBFF /* ColorPickerView.swift */ = {isa = PBXFileReference; lastKnownFileType = sourcecode.swift; path = ColorPickerView.swift; sourceTree = "<group>"; };
		2F61930121F397E90094FBFF /* ColorPickerMasterView.swift */ = {isa = PBXFileReference; lastKnownFileType = sourcecode.swift; path = ColorPickerMasterView.swift; sourceTree = "<group>"; };
		2F61930321F3A2FF0094FBFF /* Main.storyboard */ = {isa = PBXFileReference; fileEncoding = 4; lastKnownFileType = file.storyboard; path = Main.storyboard; sourceTree = "<group>"; };
		2FA15FE921F0C4810044130D /* Model.swift */ = {isa = PBXFileReference; lastKnownFileType = sourcecode.swift; path = Model.swift; sourceTree = "<group>"; };
		2FA15FEB21F0C48B0044130D /* Extensions.swift */ = {isa = PBXFileReference; lastKnownFileType = sourcecode.swift; path = Extensions.swift; sourceTree = "<group>"; };
		2FBA2A412259DC8A008CB61E /* KanbanViewDelegate.swift */ = {isa = PBXFileReference; lastKnownFileType = sourcecode.swift; path = KanbanViewDelegate.swift; sourceTree = "<group>"; };
		2FC1EDD61EC8A304009C9B11 /* KNBN.app */ = {isa = PBXFileReference; explicitFileType = wrapper.application; includeInIndex = 0; path = KNBN.app; sourceTree = BUILT_PRODUCTS_DIR; };
		2FC1EDD91EC8A304009C9B11 /* AppDelegate.swift */ = {isa = PBXFileReference; lastKnownFileType = sourcecode.swift; path = AppDelegate.swift; sourceTree = "<group>"; };
		2FC1EDDB1EC8A304009C9B11 /* MainViewController.swift */ = {isa = PBXFileReference; lastKnownFileType = sourcecode.swift; path = MainViewController.swift; sourceTree = "<group>"; };
		2FC1EDE01EC8A304009C9B11 /* Assets.xcassets */ = {isa = PBXFileReference; lastKnownFileType = folder.assetcatalog; path = Assets.xcassets; sourceTree = "<group>"; };
		2FC1EDE31EC8A304009C9B11 /* Base */ = {isa = PBXFileReference; lastKnownFileType = file.storyboard; name = Base; path = Base.lproj/LaunchScreen.storyboard; sourceTree = "<group>"; };
		2FC1EDE51EC8A304009C9B11 /* Info.plist */ = {isa = PBXFileReference; lastKnownFileType = text.plist.xml; path = Info.plist; sourceTree = "<group>"; };
		2FCC27F51FC1B846004108E3 /* KanbanCollectionViewLayout.swift */ = {isa = PBXFileReference; fileEncoding = 4; lastKnownFileType = sourcecode.swift; path = KanbanCollectionViewLayout.swift; sourceTree = "<group>"; };
		2FE092081ECD5C42001DD542 /* KanbanView.swift */ = {isa = PBXFileReference; fileEncoding = 4; lastKnownFileType = sourcecode.swift; path = KanbanView.swift; sourceTree = "<group>"; };
		2FE092121ECD727A001DD542 /* NotesCollectionViewCell.swift */ = {isa = PBXFileReference; fileEncoding = 4; lastKnownFileType = sourcecode.swift; path = NotesCollectionViewCell.swift; sourceTree = "<group>"; };
		2FE092131ECD727A001DD542 /* NotesCollectionViewCell.xib */ = {isa = PBXFileReference; fileEncoding = 4; lastKnownFileType = file.xib; path = NotesCollectionViewCell.xib; sourceTree = "<group>"; };
		2FE0CA551ED2C5740011382D /* NewNoteViewController.swift */ = {isa = PBXFileReference; fileEncoding = 4; lastKnownFileType = sourcecode.swift; path = NewNoteViewController.swift; sourceTree = "<group>"; };
		654CEEA7B112E927A432E07D /* Pods_KNBN.framework */ = {isa = PBXFileReference; explicitFileType = wrapper.framework; includeInIndex = 0; path = Pods_KNBN.framework; sourceTree = BUILT_PRODUCTS_DIR; };
		AE343EF01563EAB0B85854FB /* Pods-KNBN.release.xcconfig */ = {isa = PBXFileReference; includeInIndex = 1; lastKnownFileType = text.xcconfig; name = "Pods-KNBN.release.xcconfig"; path = "Pods/Target Support Files/Pods-KNBN/Pods-KNBN.release.xcconfig"; sourceTree = "<group>"; };
/* End PBXFileReference section */

/* Begin PBXFrameworksBuildPhase section */
		2FC1EDD31EC8A304009C9B11 /* Frameworks */ = {
			isa = PBXFrameworksBuildPhase;
			buildActionMask = 2147483647;
			files = (
				6F1D34DA128214DEA0319DAE /* Pods_KNBN.framework in Frameworks */,
			);
			runOnlyForDeploymentPostprocessing = 0;
		};
/* End PBXFrameworksBuildPhase section */

/* Begin PBXGroup section */
		2F25F90522130C0C00EA0DFB /* Boards */ = {
			isa = PBXGroup;
			children = (
				2F25F90322130BC600EA0DFB /* BoardsTableViewController.swift */,
				2F25F90622130F7200EA0DFB /* BoardsTableViewCell.swift */,
				2F25F90722130F7200EA0DFB /* BoardsTableViewCell.xib */,
			);
			path = Boards;
			sourceTree = "<group>";
		};
		2F6192FC21F347D80094FBFF /* Main */ = {
			isa = PBXGroup;
			children = (
				2FC1EDDB1EC8A304009C9B11 /* MainViewController.swift */,
				2FE092121ECD727A001DD542 /* NotesCollectionViewCell.swift */,
				2FE092131ECD727A001DD542 /* NotesCollectionViewCell.xib */,
			);
			path = Main;
			sourceTree = "<group>";
		};
		2F61930521F3A99C0094FBFF /* New Note */ = {
			isa = PBXGroup;
			children = (
				2FE0CA551ED2C5740011382D /* NewNoteViewController.swift */,
				2F6192FF21F394E50094FBFF /* ColorPickerView.swift */,
				2F61930121F397E90094FBFF /* ColorPickerMasterView.swift */,
			);
			path = "New Note";
			sourceTree = "<group>";
		};
		2FBA2A432259DF64008CB61E /* Kanban */ = {
			isa = PBXGroup;
			children = (
				2FE092081ECD5C42001DD542 /* KanbanView.swift */,
				2FBA2A412259DC8A008CB61E /* KanbanViewDelegate.swift */,
				2FCC27F51FC1B846004108E3 /* KanbanCollectionViewLayout.swift */,
			);
			path = Kanban;
			sourceTree = "<group>";
		};
		2FC1EDCD1EC8A304009C9B11 = {
			isa = PBXGroup;
			children = (
				2FC1EDD81EC8A304009C9B11 /* KNBN */,
				2FC1EDD71EC8A304009C9B11 /* Products */,
				EC4D14A16A54781C3644B28F /* Pods */,
				BC566F855D2CC74555EBA7C8 /* Frameworks */,
			);
			sourceTree = "<group>";
		};
		2FC1EDD71EC8A304009C9B11 /* Products */ = {
			isa = PBXGroup;
			children = (
				2FC1EDD61EC8A304009C9B11 /* KNBN.app */,
			);
			name = Products;
			sourceTree = "<group>";
		};
		2FC1EDD81EC8A304009C9B11 /* KNBN */ = {
			isa = PBXGroup;
			children = (
				2FC1EDD91EC8A304009C9B11 /* AppDelegate.swift */,
				2F6192FC21F347D80094FBFF /* Main */,
				2F25F90522130C0C00EA0DFB /* Boards */,
				2F61930521F3A99C0094FBFF /* New Note */,
				2FBA2A432259DF64008CB61E /* Kanban */,
				2FA15FE921F0C4810044130D /* Model.swift */,
				2F5F105521F0C6EA001E7992 /* Standard.swift */,
				2FA15FEB21F0C48B0044130D /* Extensions.swift */,
				2F61930321F3A2FF0094FBFF /* Main.storyboard */,
				2FC1EDE01EC8A304009C9B11 /* Assets.xcassets */,
				2FC1EDE21EC8A304009C9B11 /* LaunchScreen.storyboard */,
				2FC1EDE51EC8A304009C9B11 /* Info.plist */,
			);
			path = KNBN;
			sourceTree = "<group>";
		};
		BC566F855D2CC74555EBA7C8 /* Frameworks */ = {
			isa = PBXGroup;
			children = (
				654CEEA7B112E927A432E07D /* Pods_KNBN.framework */,
			);
			name = Frameworks;
			sourceTree = "<group>";
		};
		EC4D14A16A54781C3644B28F /* Pods */ = {
			isa = PBXGroup;
			children = (
				10B11045E35D95B76A29A83E /* Pods-KNBN.debug.xcconfig */,
				AE343EF01563EAB0B85854FB /* Pods-KNBN.release.xcconfig */,
			);
			name = Pods;
			sourceTree = "<group>";
		};
/* End PBXGroup section */

/* Begin PBXNativeTarget section */
		2FC1EDD51EC8A304009C9B11 /* KNBN */ = {
			isa = PBXNativeTarget;
			buildConfigurationList = 2FC1EDE81EC8A304009C9B11 /* Build configuration list for PBXNativeTarget "KNBN" */;
			buildPhases = (
				8ECFD99F89D05EBD97F37FB8 /* [CP] Check Pods Manifest.lock */,
				2FC1EDD21EC8A304009C9B11 /* Sources */,
				2FC1EDD31EC8A304009C9B11 /* Frameworks */,
				2FC1EDD41EC8A304009C9B11 /* Resources */,
				EFFC34FAF66F5A00D94A3AB6 /* [CP] Embed Pods Frameworks */,
			);
			buildRules = (
			);
			dependencies = (
			);
			name = KNBN;
			productName = KNBN;
			productReference = 2FC1EDD61EC8A304009C9B11 /* KNBN.app */;
			productType = "com.apple.product-type.application";
		};
/* End PBXNativeTarget section */

/* Begin PBXProject section */
		2FC1EDCE1EC8A304009C9B11 /* Project object */ = {
			isa = PBXProject;
			attributes = {
				LastSwiftUpdateCheck = 0830;
				LastUpgradeCheck = 1010;
				ORGANIZATIONNAME = Octopus;
				TargetAttributes = {
					2FC1EDD51EC8A304009C9B11 = {
						CreatedOnToolsVersion = 8.3.2;
						DevelopmentTeam = AVV373JF5Z;
						LastSwiftMigration = 1130;
						ProvisioningStyle = Automatic;
					};
				};
			};
			buildConfigurationList = 2FC1EDD11EC8A304009C9B11 /* Build configuration list for PBXProject "KNBN" */;
			compatibilityVersion = "Xcode 3.2";
			developmentRegion = English;
			hasScannedForEncodings = 0;
			knownRegions = (
				English,
				en,
				Base,
			);
			mainGroup = 2FC1EDCD1EC8A304009C9B11;
			productRefGroup = 2FC1EDD71EC8A304009C9B11 /* Products */;
			projectDirPath = "";
			projectRoot = "";
			targets = (
				2FC1EDD51EC8A304009C9B11 /* KNBN */,
			);
		};
/* End PBXProject section */

/* Begin PBXResourcesBuildPhase section */
		2FC1EDD41EC8A304009C9B11 /* Resources */ = {
			isa = PBXResourcesBuildPhase;
			buildActionMask = 2147483647;
			files = (
				2F61930421F3A2FF0094FBFF /* Main.storyboard in Resources */,
				2F25F90922130F7200EA0DFB /* BoardsTableViewCell.xib in Resources */,
				2FC1EDE41EC8A304009C9B11 /* LaunchScreen.storyboard in Resources */,
				2FC1EDE11EC8A304009C9B11 /* Assets.xcassets in Resources */,
				2FE092151ECD727A001DD542 /* NotesCollectionViewCell.xib in Resources */,
			);
			runOnlyForDeploymentPostprocessing = 0;
		};
/* End PBXResourcesBuildPhase section */

/* Begin PBXShellScriptBuildPhase section */
		8ECFD99F89D05EBD97F37FB8 /* [CP] Check Pods Manifest.lock */ = {
			isa = PBXShellScriptBuildPhase;
			buildActionMask = 2147483647;
			files = (
			);
			inputFileListPaths = (
			);
			inputPaths = (
				"${PODS_PODFILE_DIR_PATH}/Podfile.lock",
				"${PODS_ROOT}/Manifest.lock",
			);
			name = "[CP] Check Pods Manifest.lock";
			outputFileListPaths = (
			);
			outputPaths = (
				"$(DERIVED_FILE_DIR)/Pods-KNBN-checkManifestLockResult.txt",
			);
			runOnlyForDeploymentPostprocessing = 0;
			shellPath = /bin/sh;
			shellScript = "diff \"${PODS_PODFILE_DIR_PATH}/Podfile.lock\" \"${PODS_ROOT}/Manifest.lock\" > /dev/null\nif [ $? != 0 ] ; then\n    # print error to STDERR\n    echo \"error: The sandbox is not in sync with the Podfile.lock. Run 'pod install' or update your CocoaPods installation.\" >&2\n    exit 1\nfi\n# This output is used by Xcode 'outputs' to avoid re-running this script phase.\necho \"SUCCESS\" > \"${SCRIPT_OUTPUT_FILE_0}\"\n";
			showEnvVarsInLog = 0;
		};
		EFFC34FAF66F5A00D94A3AB6 /* [CP] Embed Pods Frameworks */ = {
			isa = PBXShellScriptBuildPhase;
			buildActionMask = 2147483647;
			files = (
			);
			inputPaths = (
				"${PODS_ROOT}/Target Support Files/Pods-KNBN/Pods-KNBN-frameworks.sh",
				"${BUILT_PRODUCTS_DIR}/Realm/Realm.framework",
				"${BUILT_PRODUCTS_DIR}/RealmSwift/RealmSwift.framework",
				"${BUILT_PRODUCTS_DIR}/SideMenu/SideMenu.framework",
				"${BUILT_PRODUCTS_DIR}/SnapKit/SnapKit.framework",
			);
			name = "[CP] Embed Pods Frameworks";
			outputPaths = (
				"${TARGET_BUILD_DIR}/${FRAMEWORKS_FOLDER_PATH}/Realm.framework",
				"${TARGET_BUILD_DIR}/${FRAMEWORKS_FOLDER_PATH}/RealmSwift.framework",
				"${TARGET_BUILD_DIR}/${FRAMEWORKS_FOLDER_PATH}/SideMenu.framework",
				"${TARGET_BUILD_DIR}/${FRAMEWORKS_FOLDER_PATH}/SnapKit.framework",
			);
			runOnlyForDeploymentPostprocessing = 0;
			shellPath = /bin/sh;
			shellScript = "\"${PODS_ROOT}/Target Support Files/Pods-KNBN/Pods-KNBN-frameworks.sh\"\n";
			showEnvVarsInLog = 0;
		};
/* End PBXShellScriptBuildPhase section */

/* Begin PBXSourcesBuildPhase section */
		2FC1EDD21EC8A304009C9B11 /* Sources */ = {
			isa = PBXSourcesBuildPhase;
			buildActionMask = 2147483647;
			files = (
				2FA15FEC21F0C48B0044130D /* Extensions.swift in Sources */,
				2FE0CA561ED2C5740011382D /* NewNoteViewController.swift in Sources */,
				2FC1EDDC1EC8A304009C9B11 /* MainViewController.swift in Sources */,
				2FE092141ECD727A001DD542 /* NotesCollectionViewCell.swift in Sources */,
				2F61930021F394E50094FBFF /* ColorPickerView.swift in Sources */,
				2FCC27F61FC1B846004108E3 /* KanbanCollectionViewLayout.swift in Sources */,
				2FBA2A422259DC8A008CB61E /* KanbanViewDelegate.swift in Sources */,
				2F61930221F397E90094FBFF /* ColorPickerMasterView.swift in Sources */,
				2F25F90822130F7200EA0DFB /* BoardsTableViewCell.swift in Sources */,
				2F5F105621F0C6EA001E7992 /* Standard.swift in Sources */,
				2F25F90422130BC600EA0DFB /* BoardsTableViewController.swift in Sources */,
				2FC1EDDA1EC8A304009C9B11 /* AppDelegate.swift in Sources */,
				2FE092091ECD5C42001DD542 /* KanbanView.swift in Sources */,
				2FA15FEA21F0C4810044130D /* Model.swift in Sources */,
			);
			runOnlyForDeploymentPostprocessing = 0;
		};
/* End PBXSourcesBuildPhase section */

/* Begin PBXVariantGroup section */
		2FC1EDE21EC8A304009C9B11 /* LaunchScreen.storyboard */ = {
			isa = PBXVariantGroup;
			children = (
				2FC1EDE31EC8A304009C9B11 /* Base */,
			);
			name = LaunchScreen.storyboard;
			sourceTree = "<group>";
		};
/* End PBXVariantGroup section */

/* Begin XCBuildConfiguration section */
		2FC1EDE61EC8A304009C9B11 /* Debug */ = {
			isa = XCBuildConfiguration;
			buildSettings = {
				ALWAYS_SEARCH_USER_PATHS = NO;
				CLANG_ANALYZER_NONNULL = YES;
				CLANG_ANALYZER_NUMBER_OBJECT_CONVERSION = YES_AGGRESSIVE;
				CLANG_CXX_LANGUAGE_STANDARD = "gnu++0x";
				CLANG_CXX_LIBRARY = "libc++";
				CLANG_ENABLE_MODULES = YES;
				CLANG_ENABLE_OBJC_ARC = YES;
				CLANG_WARN_BLOCK_CAPTURE_AUTORELEASING = YES;
				CLANG_WARN_BOOL_CONVERSION = YES;
				CLANG_WARN_COMMA = YES;
				CLANG_WARN_CONSTANT_CONVERSION = YES;
				CLANG_WARN_DEPRECATED_OBJC_IMPLEMENTATIONS = YES;
				CLANG_WARN_DIRECT_OBJC_ISA_USAGE = YES_ERROR;
				CLANG_WARN_DOCUMENTATION_COMMENTS = YES;
				CLANG_WARN_EMPTY_BODY = YES;
				CLANG_WARN_ENUM_CONVERSION = YES;
				CLANG_WARN_INFINITE_RECURSION = YES;
				CLANG_WARN_INT_CONVERSION = YES;
				CLANG_WARN_NON_LITERAL_NULL_CONVERSION = YES;
				CLANG_WARN_OBJC_IMPLICIT_RETAIN_SELF = YES;
				CLANG_WARN_OBJC_LITERAL_CONVERSION = YES;
				CLANG_WARN_OBJC_ROOT_CLASS = YES_ERROR;
				CLANG_WARN_RANGE_LOOP_ANALYSIS = YES;
				CLANG_WARN_STRICT_PROTOTYPES = YES;
				CLANG_WARN_SUSPICIOUS_MOVE = YES;
				CLANG_WARN_UNREACHABLE_CODE = YES;
				CLANG_WARN__DUPLICATE_METHOD_MATCH = YES;
				"CODE_SIGN_IDENTITY[sdk=iphoneos*]" = "iPhone Developer";
				COPY_PHASE_STRIP = NO;
				DEBUG_INFORMATION_FORMAT = dwarf;
				ENABLE_STRICT_OBJC_MSGSEND = YES;
				ENABLE_TESTABILITY = YES;
				GCC_C_LANGUAGE_STANDARD = gnu99;
				GCC_DYNAMIC_NO_PIC = NO;
				GCC_NO_COMMON_BLOCKS = YES;
				GCC_OPTIMIZATION_LEVEL = 0;
				GCC_PREPROCESSOR_DEFINITIONS = (
					"DEBUG=1",
					"$(inherited)",
				);
				GCC_WARN_64_TO_32_BIT_CONVERSION = YES;
				GCC_WARN_ABOUT_RETURN_TYPE = YES_ERROR;
				GCC_WARN_UNDECLARED_SELECTOR = YES;
				GCC_WARN_UNINITIALIZED_AUTOS = YES_AGGRESSIVE;
				GCC_WARN_UNUSED_FUNCTION = YES;
				GCC_WARN_UNUSED_VARIABLE = YES;
				IPHONEOS_DEPLOYMENT_TARGET = 9.0;
				MTL_ENABLE_DEBUG_INFO = YES;
				ONLY_ACTIVE_ARCH = YES;
				SDKROOT = iphoneos;
				SWIFT_ACTIVE_COMPILATION_CONDITIONS = DEBUG;
				SWIFT_OPTIMIZATION_LEVEL = "-Onone";
			};
			name = Debug;
		};
		2FC1EDE71EC8A304009C9B11 /* Release */ = {
			isa = XCBuildConfiguration;
			buildSettings = {
				ALWAYS_SEARCH_USER_PATHS = NO;
				CLANG_ANALYZER_NONNULL = YES;
				CLANG_ANALYZER_NUMBER_OBJECT_CONVERSION = YES_AGGRESSIVE;
				CLANG_CXX_LANGUAGE_STANDARD = "gnu++0x";
				CLANG_CXX_LIBRARY = "libc++";
				CLANG_ENABLE_MODULES = YES;
				CLANG_ENABLE_OBJC_ARC = YES;
				CLANG_WARN_BLOCK_CAPTURE_AUTORELEASING = YES;
				CLANG_WARN_BOOL_CONVERSION = YES;
				CLANG_WARN_COMMA = YES;
				CLANG_WARN_CONSTANT_CONVERSION = YES;
				CLANG_WARN_DEPRECATED_OBJC_IMPLEMENTATIONS = YES;
				CLANG_WARN_DIRECT_OBJC_ISA_USAGE = YES_ERROR;
				CLANG_WARN_DOCUMENTATION_COMMENTS = YES;
				CLANG_WARN_EMPTY_BODY = YES;
				CLANG_WARN_ENUM_CONVERSION = YES;
				CLANG_WARN_INFINITE_RECURSION = YES;
				CLANG_WARN_INT_CONVERSION = YES;
				CLANG_WARN_NON_LITERAL_NULL_CONVERSION = YES;
				CLANG_WARN_OBJC_IMPLICIT_RETAIN_SELF = YES;
				CLANG_WARN_OBJC_LITERAL_CONVERSION = YES;
				CLANG_WARN_OBJC_ROOT_CLASS = YES_ERROR;
				CLANG_WARN_RANGE_LOOP_ANALYSIS = YES;
				CLANG_WARN_STRICT_PROTOTYPES = YES;
				CLANG_WARN_SUSPICIOUS_MOVE = YES;
				CLANG_WARN_UNREACHABLE_CODE = YES;
				CLANG_WARN__DUPLICATE_METHOD_MATCH = YES;
				"CODE_SIGN_IDENTITY[sdk=iphoneos*]" = "iPhone Developer";
				COPY_PHASE_STRIP = NO;
				DEBUG_INFORMATION_FORMAT = "dwarf-with-dsym";
				ENABLE_NS_ASSERTIONS = NO;
				ENABLE_STRICT_OBJC_MSGSEND = YES;
				GCC_C_LANGUAGE_STANDARD = gnu99;
				GCC_NO_COMMON_BLOCKS = YES;
				GCC_WARN_64_TO_32_BIT_CONVERSION = YES;
				GCC_WARN_ABOUT_RETURN_TYPE = YES_ERROR;
				GCC_WARN_UNDECLARED_SELECTOR = YES;
				GCC_WARN_UNINITIALIZED_AUTOS = YES_AGGRESSIVE;
				GCC_WARN_UNUSED_FUNCTION = YES;
				GCC_WARN_UNUSED_VARIABLE = YES;
				IPHONEOS_DEPLOYMENT_TARGET = 9.0;
				MTL_ENABLE_DEBUG_INFO = NO;
				SDKROOT = iphoneos;
				SWIFT_OPTIMIZATION_LEVEL = "-Owholemodule";
				VALIDATE_PRODUCT = YES;
			};
			name = Release;
		};
		2FC1EDE91EC8A304009C9B11 /* Debug */ = {
			isa = XCBuildConfiguration;
			baseConfigurationReference = 10B11045E35D95B76A29A83E /* Pods-KNBN.debug.xcconfig */;
			buildSettings = {
				ASSETCATALOG_COMPILER_APPICON_NAME = AppIcon;
				CODE_SIGN_IDENTITY = "iPhone Developer";
				"CODE_SIGN_IDENTITY[sdk=iphoneos*]" = "iPhone Developer";
				CODE_SIGN_STYLE = Automatic;
				DEVELOPMENT_TEAM = AVV373JF5Z;
				INFOPLIST_FILE = KNBN/Info.plist;
				IPHONEOS_DEPLOYMENT_TARGET = 11.0;
				LD_RUNPATH_SEARCH_PATHS = "$(inherited) @executable_path/Frameworks";
				PRODUCT_BUNDLE_IDENTIFIER = Octopus.KNBN;
				PRODUCT_NAME = "$(TARGET_NAME)";
				PROVISIONING_PROFILE_SPECIFIER = "";
				SWIFT_SWIFT3_OBJC_INFERENCE = On;
				SWIFT_VERSION = 5.0;
			};
			name = Debug;
		};
		2FC1EDEA1EC8A304009C9B11 /* Release */ = {
			isa = XCBuildConfiguration;
			baseConfigurationReference = AE343EF01563EAB0B85854FB /* Pods-KNBN.release.xcconfig */;
			buildSettings = {
				ASSETCATALOG_COMPILER_APPICON_NAME = AppIcon;
				CODE_SIGN_IDENTITY = "iPhone Developer";
				"CODE_SIGN_IDENTITY[sdk=iphoneos*]" = "iPhone Developer";
				CODE_SIGN_STYLE = Automatic;
				DEVELOPMENT_TEAM = AVV373JF5Z;
				INFOPLIST_FILE = KNBN/Info.plist;
				IPHONEOS_DEPLOYMENT_TARGET = 11.0;
				LD_RUNPATH_SEARCH_PATHS = "$(inherited) @executable_path/Frameworks";
				PRODUCT_BUNDLE_IDENTIFIER = Octopus.KNBN;
				PRODUCT_NAME = "$(TARGET_NAME)";
				PROVISIONING_PROFILE_SPECIFIER = "";
				SWIFT_SWIFT3_OBJC_INFERENCE = On;
				SWIFT_VERSION = 5.0;
			};
			name = Release;
		};
/* End XCBuildConfiguration section */

/* Begin XCConfigurationList section */
		2FC1EDD11EC8A304009C9B11 /* Build configuration list for PBXProject "KNBN" */ = {
			isa = XCConfigurationList;
			buildConfigurations = (
				2FC1EDE61EC8A304009C9B11 /* Debug */,
				2FC1EDE71EC8A304009C9B11 /* Release */,
			);
			defaultConfigurationIsVisible = 0;
			defaultConfigurationName = Release;
		};
		2FC1EDE81EC8A304009C9B11 /* Build configuration list for PBXNativeTarget "KNBN" */ = {
			isa = XCConfigurationList;
			buildConfigurations = (
				2FC1EDE91EC8A304009C9B11 /* Debug */,
				2FC1EDEA1EC8A304009C9B11 /* Release */,
			);
			defaultConfigurationIsVisible = 0;
			defaultConfigurationName = Release;
		};
/* End XCConfigurationList section */
	};
	rootObject = 2FC1EDCE1EC8A304009C9B11 /* Project object */;
}
